
Microsoft Visual Studio Solution File, Format Version 12.00
# Visual Studio Version 17
VisualStudioVersion = 17.9.34728.123
MinimumVisualStudioVersion = 10.0.40219.1
Project("{2150E333-8FDC-42A3-9474-1A3956D46DE8}") = "Services", "Services", "{35420481-1E1F-4405-ACFC-DC7D1D79BAE4}"
EndProject
Project("{2150E333-8FDC-42A3-9474-1A3956D46DE8}") = "Catalog", "Catalog", "{4D0F4167-69A1-484A-A696-E1CA5F974576}"
EndProject
Project("{9A19103F-16F7-4668-BE54-9A1E7A4F7556}") = "MultiShop.Catalog", "Services\Catalog\MultiShop.Catalog\MultiShop.Catalog.csproj", "{09C97FB2-D1A6-4F1F-B83D-ACE8D6D93CD1}"
EndProject
Project("{2150E333-8FDC-42A3-9474-1A3956D46DE8}") = "Discount", "Discount", "{F05C0242-95A0-484F-89A3-82F0532D3CF9}"
EndProject
Project("{9A19103F-16F7-4668-BE54-9A1E7A4F7556}") = "MultiShop.Discount", "Services\Discount\MultiShop.Discount\MultiShop.Discount.csproj", "{6B6D5D53-B87D-4A40-A7C6-33C6F8AE2ED8}"
EndProject
Project("{2150E333-8FDC-42A3-9474-1A3956D46DE8}") = "Order", "Order", "{F0EA49C7-8E21-4C4C-ACDF-FD968DB4402A}"
EndProject
Project("{2150E333-8FDC-42A3-9474-1A3956D46DE8}") = "Core", "Core", "{B47FC210-F0E8-44CB-ACEE-2651F5194B56}"
EndProject
Project("{2150E333-8FDC-42A3-9474-1A3956D46DE8}") = "Infrastructure", "Infrastructure", "{DF5F55DB-A7D4-4C2D-B3BD-D6A64547EFA3}"
EndProject
Project("{2150E333-8FDC-42A3-9474-1A3956D46DE8}") = "Presentation", "Presentation", "{4060F374-BDF1-4667-BF9D-4F39B55DB0C2}"
EndProject
Project("{9A19103F-16F7-4668-BE54-9A1E7A4F7556}") = "MultiShop.Order.Domain", "Services\Order\Core\MultiShop.Order.Domain\MultiShop.Order.Domain.csproj", "{00AFF7EC-A43A-43E5-9496-DD42A860F880}"
EndProject
Project("{9A19103F-16F7-4668-BE54-9A1E7A4F7556}") = "MultiShop.Order.Application", "Services\Order\Core\MultiShop.Order.Application\MultiShop.Order.Application.csproj", "{ADF91BF6-CB9F-47FA-B56A-545F02E27E65}"
EndProject
Project("{9A19103F-16F7-4668-BE54-9A1E7A4F7556}") = "MultiShop.Order.Persistence", "Services\Order\Infrastructure\MultiShop.Order.Persistence\MultiShop.Order.Persistence.csproj", "{DFA056B8-2B09-4BF9-916E-5DBD081E90C4}"
EndProject
Project("{9A19103F-16F7-4668-BE54-9A1E7A4F7556}") = "MultiShop.Order.WebApi", "Services\Order\Presentation\MultiShop.Order.WebApi\MultiShop.Order.WebApi.csproj", "{F8C4609C-CB88-444A-A930-1FB23BE00D84}"
EndProject
Project("{2150E333-8FDC-42A3-9474-1A3956D46DE8}") = "IdentityServer", "IdentityServer", "{8FD771E0-43CC-4A0E-9D93-44EFD0E0A896}"
EndProject
Project("{9A19103F-16F7-4668-BE54-9A1E7A4F7556}") = "MultiShop.IdentityServer", "IdentityServer\MultiShop.IdentityServer\MultiShop.IdentityServer.csproj", "{53847146-EA7F-407F-8469-011461A79004}"
EndProject
Project("{2150E333-8FDC-42A3-9474-1A3956D46DE8}") = "Cargo", "Cargo", "{613C101E-0D43-4F73-AEDA-A8A7FED99635}"
EndProject
Project("{FAE04EC0-301F-11D3-BF4B-00C04F79EFBC}") = "MultiShop.Cargo.EntityLayer", "Services\Cargo\MultiShop.Cargo.EntityLayer\MultiShop.Cargo.EntityLayer.csproj", "{4E770196-AFD0-4B37-A377-36DEE0F53658}"
EndProject
Project("{FAE04EC0-301F-11D3-BF4B-00C04F79EFBC}") = "MultiShop.Cargo.BusinessLayer", "Services\Cargo\MultiShop.Cargo.BusinessLayer\MultiShop.Cargo.BusinessLayer.csproj", "{3F7A4337-0299-473D-930F-3C3E7C39A1DA}"
EndProject
Project("{FAE04EC0-301F-11D3-BF4B-00C04F79EFBC}") = "MultiShop.Cargo.DataAccessLayer", "Services\Cargo\MultiShop.Cargo.DataAccessLayer\MultiShop.Cargo.DataAccessLayer.csproj", "{272341B1-41A1-4279-B976-91915C6DC368}"
EndProject
Project("{FAE04EC0-301F-11D3-BF4B-00C04F79EFBC}") = "MultiShop.Cargo.DtoLayer", "Services\Cargo\MultiShop.Cargo.DtoLayer\MultiShop.Cargo.DtoLayer.csproj", "{6EC5CF51-08BC-4968-A032-ED849580954B}"
EndProject
Project("{FAE04EC0-301F-11D3-BF4B-00C04F79EFBC}") = "MultiShop.Cargo.WebApi", "Services\Cargo\MultiShop.Cargo.WebApi\MultiShop.Cargo.WebApi.csproj", "{90987FB8-00D7-41E0-BF55-7F65620A798D}"
EndProject
Project("{2150E333-8FDC-42A3-9474-1A3956D46DE8}") = "Basket", "Basket", "{1B4C5ACD-FA1D-4229-B135-620756E90906}"
EndProject
Project("{FAE04EC0-301F-11D3-BF4B-00C04F79EFBC}") = "MultiShop.Basket", "Services\Basket\MultiShop.Basket\MultiShop.Basket.csproj", "{D9EB8E89-4C7C-4F08-98E5-7531F5E68A4A}"
EndProject
Global
	GlobalSection(SolutionConfigurationPlatforms) = preSolution
		Debug|Any CPU = Debug|Any CPU
		Release|Any CPU = Release|Any CPU
	EndGlobalSection
	GlobalSection(ProjectConfigurationPlatforms) = postSolution
		{09C97FB2-D1A6-4F1F-B83D-ACE8D6D93CD1}.Debug|Any CPU.ActiveCfg = Debug|Any CPU
		{09C97FB2-D1A6-4F1F-B83D-ACE8D6D93CD1}.Debug|Any CPU.Build.0 = Debug|Any CPU
		{09C97FB2-D1A6-4F1F-B83D-ACE8D6D93CD1}.Release|Any CPU.ActiveCfg = Release|Any CPU
		{09C97FB2-D1A6-4F1F-B83D-ACE8D6D93CD1}.Release|Any CPU.Build.0 = Release|Any CPU
		{6B6D5D53-B87D-4A40-A7C6-33C6F8AE2ED8}.Debug|Any CPU.ActiveCfg = Debug|Any CPU
		{6B6D5D53-B87D-4A40-A7C6-33C6F8AE2ED8}.Debug|Any CPU.Build.0 = Debug|Any CPU
		{6B6D5D53-B87D-4A40-A7C6-33C6F8AE2ED8}.Release|Any CPU.ActiveCfg = Release|Any CPU
		{6B6D5D53-B87D-4A40-A7C6-33C6F8AE2ED8}.Release|Any CPU.Build.0 = Release|Any CPU
		{00AFF7EC-A43A-43E5-9496-DD42A860F880}.Debug|Any CPU.ActiveCfg = Debug|Any CPU
		{00AFF7EC-A43A-43E5-9496-DD42A860F880}.Debug|Any CPU.Build.0 = Debug|Any CPU
		{00AFF7EC-A43A-43E5-9496-DD42A860F880}.Release|Any CPU.ActiveCfg = Release|Any CPU
		{00AFF7EC-A43A-43E5-9496-DD42A860F880}.Release|Any CPU.Build.0 = Release|Any CPU
		{ADF91BF6-CB9F-47FA-B56A-545F02E27E65}.Debug|Any CPU.ActiveCfg = Debug|Any CPU
		{ADF91BF6-CB9F-47FA-B56A-545F02E27E65}.Debug|Any CPU.Build.0 = Debug|Any CPU
		{ADF91BF6-CB9F-47FA-B56A-545F02E27E65}.Release|Any CPU.ActiveCfg = Release|Any CPU
		{ADF91BF6-CB9F-47FA-B56A-545F02E27E65}.Release|Any CPU.Build.0 = Release|Any CPU
		{DFA056B8-2B09-4BF9-916E-5DBD081E90C4}.Debug|Any CPU.ActiveCfg = Debug|Any CPU
		{DFA056B8-2B09-4BF9-916E-5DBD081E90C4}.Debug|Any CPU.Build.0 = Debug|Any CPU
		{DFA056B8-2B09-4BF9-916E-5DBD081E90C4}.Release|Any CPU.ActiveCfg = Release|Any CPU
		{DFA056B8-2B09-4BF9-916E-5DBD081E90C4}.Release|Any CPU.Build.0 = Release|Any CPU
		{F8C4609C-CB88-444A-A930-1FB23BE00D84}.Debug|Any CPU.ActiveCfg = Debug|Any CPU
		{F8C4609C-CB88-444A-A930-1FB23BE00D84}.Debug|Any CPU.Build.0 = Debug|Any CPU
		{F8C4609C-CB88-444A-A930-1FB23BE00D84}.Release|Any CPU.ActiveCfg = Release|Any CPU
		{F8C4609C-CB88-444A-A930-1FB23BE00D84}.Release|Any CPU.Build.0 = Release|Any CPU
		{53847146-EA7F-407F-8469-011461A79004}.Debug|Any CPU.ActiveCfg = Debug|Any CPU
		{53847146-EA7F-407F-8469-011461A79004}.Debug|Any CPU.Build.0 = Debug|Any CPU
		{53847146-EA7F-407F-8469-011461A79004}.Release|Any CPU.ActiveCfg = Release|Any CPU
		{53847146-EA7F-407F-8469-011461A79004}.Release|Any CPU.Build.0 = Release|Any CPU
		{4E770196-AFD0-4B37-A377-36DEE0F53658}.Debug|Any CPU.ActiveCfg = Debug|Any CPU
		{4E770196-AFD0-4B37-A377-36DEE0F53658}.Debug|Any CPU.Build.0 = Debug|Any CPU
		{4E770196-AFD0-4B37-A377-36DEE0F53658}.Release|Any CPU.ActiveCfg = Release|Any CPU
		{4E770196-AFD0-4B37-A377-36DEE0F53658}.Release|Any CPU.Build.0 = Release|Any CPU
		{3F7A4337-0299-473D-930F-3C3E7C39A1DA}.Debug|Any CPU.ActiveCfg = Debug|Any CPU
		{3F7A4337-0299-473D-930F-3C3E7C39A1DA}.Debug|Any CPU.Build.0 = Debug|Any CPU
		{3F7A4337-0299-473D-930F-3C3E7C39A1DA}.Release|Any CPU.ActiveCfg = Release|Any CPU
		{3F7A4337-0299-473D-930F-3C3E7C39A1DA}.Release|Any CPU.Build.0 = Release|Any CPU
		{272341B1-41A1-4279-B976-91915C6DC368}.Debug|Any CPU.ActiveCfg = Debug|Any CPU
		{272341B1-41A1-4279-B976-91915C6DC368}.Debug|Any CPU.Build.0 = Debug|Any CPU
		{272341B1-41A1-4279-B976-91915C6DC368}.Release|Any CPU.ActiveCfg = Release|Any CPU
		{272341B1-41A1-4279-B976-91915C6DC368}.Release|Any CPU.Build.0 = Release|Any CPU
		{6EC5CF51-08BC-4968-A032-ED849580954B}.Debug|Any CPU.ActiveCfg = Debug|Any CPU
		{6EC5CF51-08BC-4968-A032-ED849580954B}.Debug|Any CPU.Build.0 = Debug|Any CPU
		{6EC5CF51-08BC-4968-A032-ED849580954B}.Release|Any CPU.ActiveCfg = Release|Any CPU
		{6EC5CF51-08BC-4968-A032-ED849580954B}.Release|Any CPU.Build.0 = Release|Any CPU
		{90987FB8-00D7-41E0-BF55-7F65620A798D}.Debug|Any CPU.ActiveCfg = Debug|Any CPU
		{90987FB8-00D7-41E0-BF55-7F65620A798D}.Debug|Any CPU.Build.0 = Debug|Any CPU
		{90987FB8-00D7-41E0-BF55-7F65620A798D}.Release|Any CPU.ActiveCfg = Release|Any CPU
		{90987FB8-00D7-41E0-BF55-7F65620A798D}.Release|Any CPU.Build.0 = Release|Any CPU
		{D9EB8E89-4C7C-4F08-98E5-7531F5E68A4A}.Debug|Any CPU.ActiveCfg = Debug|Any CPU
		{D9EB8E89-4C7C-4F08-98E5-7531F5E68A4A}.Debug|Any CPU.Build.0 = Debug|Any CPU
		{D9EB8E89-4C7C-4F08-98E5-7531F5E68A4A}.Release|Any CPU.ActiveCfg = Release|Any CPU
		{D9EB8E89-4C7C-4F08-98E5-7531F5E68A4A}.Release|Any CPU.Build.0 = Release|Any CPU
	EndGlobalSection
	GlobalSection(SolutionProperties) = preSolution
		HideSolutionNode = FALSE
	EndGlobalSection
	GlobalSection(NestedProjects) = preSolution
		{4D0F4167-69A1-484A-A696-E1CA5F974576} = {35420481-1E1F-4405-ACFC-DC7D1D79BAE4}
		{09C97FB2-D1A6-4F1F-B83D-ACE8D6D93CD1} = {4D0F4167-69A1-484A-A696-E1CA5F974576}
		{F05C0242-95A0-484F-89A3-82F0532D3CF9} = {35420481-1E1F-4405-ACFC-DC7D1D79BAE4}
		{6B6D5D53-B87D-4A40-A7C6-33C6F8AE2ED8} = {F05C0242-95A0-484F-89A3-82F0532D3CF9}
		{F0EA49C7-8E21-4C4C-ACDF-FD968DB4402A} = {35420481-1E1F-4405-ACFC-DC7D1D79BAE4}
		{B47FC210-F0E8-44CB-ACEE-2651F5194B56} = {F0EA49C7-8E21-4C4C-ACDF-FD968DB4402A}
		{DF5F55DB-A7D4-4C2D-B3BD-D6A64547EFA3} = {F0EA49C7-8E21-4C4C-ACDF-FD968DB4402A}
		{4060F374-BDF1-4667-BF9D-4F39B55DB0C2} = {F0EA49C7-8E21-4C4C-ACDF-FD968DB4402A}
		{00AFF7EC-A43A-43E5-9496-DD42A860F880} = {B47FC210-F0E8-44CB-ACEE-2651F5194B56}
		{ADF91BF6-CB9F-47FA-B56A-545F02E27E65} = {B47FC210-F0E8-44CB-ACEE-2651F5194B56}
		{DFA056B8-2B09-4BF9-916E-5DBD081E90C4} = {DF5F55DB-A7D4-4C2D-B3BD-D6A64547EFA3}
		{F8C4609C-CB88-444A-A930-1FB23BE00D84} = {4060F374-BDF1-4667-BF9D-4F39B55DB0C2}
		{53847146-EA7F-407F-8469-011461A79004} = {8FD771E0-43CC-4A0E-9D93-44EFD0E0A896}
		{613C101E-0D43-4F73-AEDA-A8A7FED99635} = {35420481-1E1F-4405-ACFC-DC7D1D79BAE4}
		{4E770196-AFD0-4B37-A377-36DEE0F53658} = {613C101E-0D43-4F73-AEDA-A8A7FED99635}
		{3F7A4337-0299-473D-930F-3C3E7C39A1DA} = {613C101E-0D43-4F73-AEDA-A8A7FED99635}
		{272341B1-41A1-4279-B976-91915C6DC368} = {613C101E-0D43-4F73-AEDA-A8A7FED99635}
		{6EC5CF51-08BC-4968-A032-ED849580954B} = {613C101E-0D43-4F73-AEDA-A8A7FED99635}
		{90987FB8-00D7-41E0-BF55-7F65620A798D} = {613C101E-0D43-4F73-AEDA-A8A7FED99635}
		{1B4C5ACD-FA1D-4229-B135-620756E90906} = {35420481-1E1F-4405-ACFC-DC7D1D79BAE4}
		{D9EB8E89-4C7C-4F08-98E5-7531F5E68A4A} = {1B4C5ACD-FA1D-4229-B135-620756E90906}
	EndGlobalSection
	GlobalSection(ExtensibilityGlobals) = postSolution
		SolutionGuid = {DF8B97AD-E923-4435-9E8B-AF1945F02B21}
	EndGlobalSection
EndGlobal
